// !$*UTF8*$!
{
	archiveVersion = 1;
	classes = {
	};
	objectVersion = 50;
	objects = {

/* Begin PBXBuildFile section */
		69039A2225E2D11500B5CA5A /* AppDelegate.swift in Sources */ = {isa = PBXBuildFile; fileRef = 69039A2125E2D11500B5CA5A /* AppDelegate.swift */; };
		69039A2425E2D11500B5CA5A /* SceneDelegate.swift in Sources */ = {isa = PBXBuildFile; fileRef = 69039A2325E2D11500B5CA5A /* SceneDelegate.swift */; };
		69039A2925E2D11500B5CA5A /* Main.storyboard in Resources */ = {isa = PBXBuildFile; fileRef = 69039A2725E2D11500B5CA5A /* Main.storyboard */; };
		69039A2B25E2D11800B5CA5A /* Assets.xcassets in Resources */ = {isa = PBXBuildFile; fileRef = 69039A2A25E2D11800B5CA5A /* Assets.xcassets */; };
		69039A2E25E2D11800B5CA5A /* LaunchScreen.storyboard in Resources */ = {isa = PBXBuildFile; fileRef = 69039A2C25E2D11800B5CA5A /* LaunchScreen.storyboard */; };
		69039A3925E2D11800B5CA5A /* MoviesTests.swift in Sources */ = {isa = PBXBuildFile; fileRef = 69039A3825E2D11800B5CA5A /* MoviesTests.swift */; };
		69039A4425E2D11800B5CA5A /* MoviesUITests.swift in Sources */ = {isa = PBXBuildFile; fileRef = 69039A4325E2D11800B5CA5A /* MoviesUITests.swift */; };
		69039A5525E2D8D300B5CA5A /* Movie.swift in Sources */ = {isa = PBXBuildFile; fileRef = 69039A5425E2D8D300B5CA5A /* Movie.swift */; };
		69039A5F25E2FF8D00B5CA5A /* DetalheFilmeViewController.swift in Sources */ = {isa = PBXBuildFile; fileRef = 69039A5E25E2FF8D00B5CA5A /* DetalheFilmeViewController.swift */; };
		698A0D0826D9349000A0301F /* MovieServices.swift in Sources */ = {isa = PBXBuildFile; fileRef = 698A0D0726D9349000A0301F /* MovieServices.swift */; };
		6992B4F026F0B08200A4CC2C /* MovieTableViewController.swift in Sources */ = {isa = PBXBuildFile; fileRef = 6992B4EF26F0B08200A4CC2C /* MovieTableViewController.swift */; };
		98506627270A4378004FE782 /* MoviesTableViewCell.swift in Sources */ = {isa = PBXBuildFile; fileRef = 98506625270A4378004FE782 /* MoviesTableViewCell.swift */; };
		98506628270A4378004FE782 /* MoviesTableViewCell.xib in Resources */ = {isa = PBXBuildFile; fileRef = 98506626270A4378004FE782 /* MoviesTableViewCell.xib */; };
/* End PBXBuildFile section */

/* Begin PBXContainerItemProxy section */
		69039A3525E2D11800B5CA5A /* PBXContainerItemProxy */ = {
			isa = PBXContainerItemProxy;
			containerPortal = 69039A1625E2D11500B5CA5A /* Project object */;
			proxyType = 1;
			remoteGlobalIDString = 69039A1D25E2D11500B5CA5A;
			remoteInfo = Movies;
		};
		69039A4025E2D11800B5CA5A /* PBXContainerItemProxy */ = {
			isa = PBXContainerItemProxy;
			containerPortal = 69039A1625E2D11500B5CA5A /* Project object */;
			proxyType = 1;
			remoteGlobalIDString = 69039A1D25E2D11500B5CA5A;
			remoteInfo = Movies;
		};
/* End PBXContainerItemProxy section */

/* Begin PBXFileReference section */
		69039A1E25E2D11500B5CA5A /* Movies.app */ = {isa = PBXFileReference; explicitFileType = wrapper.application; includeInIndex = 0; path = Movies.app; sourceTree = BUILT_PRODUCTS_DIR; };
		69039A2125E2D11500B5CA5A /* AppDelegate.swift */ = {isa = PBXFileReference; lastKnownFileType = sourcecode.swift; path = AppDelegate.swift; sourceTree = "<group>"; };
		69039A2325E2D11500B5CA5A /* SceneDelegate.swift */ = {isa = PBXFileReference; lastKnownFileType = sourcecode.swift; path = SceneDelegate.swift; sourceTree = "<group>"; };
		69039A2825E2D11500B5CA5A /* Base */ = {isa = PBXFileReference; lastKnownFileType = file.storyboard; name = Base; path = Base.lproj/Main.storyboard; sourceTree = "<group>"; };
		69039A2A25E2D11800B5CA5A /* Assets.xcassets */ = {isa = PBXFileReference; lastKnownFileType = folder.assetcatalog; path = Assets.xcassets; sourceTree = "<group>"; };
		69039A2D25E2D11800B5CA5A /* Base */ = {isa = PBXFileReference; lastKnownFileType = file.storyboard; name = Base; path = Base.lproj/LaunchScreen.storyboard; sourceTree = "<group>"; };
		69039A2F25E2D11800B5CA5A /* Info.plist */ = {isa = PBXFileReference; lastKnownFileType = text.plist.xml; path = Info.plist; sourceTree = "<group>"; };
		69039A3425E2D11800B5CA5A /* MoviesTests.xctest */ = {isa = PBXFileReference; explicitFileType = wrapper.cfbundle; includeInIndex = 0; path = MoviesTests.xctest; sourceTree = BUILT_PRODUCTS_DIR; };
		69039A3825E2D11800B5CA5A /* MoviesTests.swift */ = {isa = PBXFileReference; lastKnownFileType = sourcecode.swift; path = MoviesTests.swift; sourceTree = "<group>"; };
		69039A3A25E2D11800B5CA5A /* Info.plist */ = {isa = PBXFileReference; lastKnownFileType = text.plist.xml; path = Info.plist; sourceTree = "<group>"; };
		69039A3F25E2D11800B5CA5A /* MoviesUITests.xctest */ = {isa = PBXFileReference; explicitFileType = wrapper.cfbundle; includeInIndex = 0; path = MoviesUITests.xctest; sourceTree = BUILT_PRODUCTS_DIR; };
		69039A4325E2D11800B5CA5A /* MoviesUITests.swift */ = {isa = PBXFileReference; lastKnownFileType = sourcecode.swift; path = MoviesUITests.swift; sourceTree = "<group>"; };
		69039A4525E2D11800B5CA5A /* Info.plist */ = {isa = PBXFileReference; lastKnownFileType = text.plist.xml; path = Info.plist; sourceTree = "<group>"; };
		69039A5425E2D8D300B5CA5A /* Movie.swift */ = {isa = PBXFileReference; lastKnownFileType = sourcecode.swift; path = Movie.swift; sourceTree = "<group>"; };
		69039A5E25E2FF8D00B5CA5A /* DetalheFilmeViewController.swift */ = {isa = PBXFileReference; lastKnownFileType = sourcecode.swift; path = DetalheFilmeViewController.swift; sourceTree = "<group>"; };
		698A0D0726D9349000A0301F /* MovieServices.swift */ = {isa = PBXFileReference; lastKnownFileType = sourcecode.swift; path = MovieServices.swift; sourceTree = "<group>"; };
		6992B4EF26F0B08200A4CC2C /* MovieTableViewController.swift */ = {isa = PBXFileReference; lastKnownFileType = sourcecode.swift; path = MovieTableViewController.swift; sourceTree = "<group>"; };
		98506625270A4378004FE782 /* MoviesTableViewCell.swift */ = {isa = PBXFileReference; lastKnownFileType = sourcecode.swift; path = MoviesTableViewCell.swift; sourceTree = "<group>"; };
		98506626270A4378004FE782 /* MoviesTableViewCell.xib */ = {isa = PBXFileReference; lastKnownFileType = file.xib; path = MoviesTableViewCell.xib; sourceTree = "<group>"; };
/* End PBXFileReference section */

/* Begin PBXFrameworksBuildPhase section */
		69039A1B25E2D11500B5CA5A /* Frameworks */ = {
			isa = PBXFrameworksBuildPhase;
			buildActionMask = 2147483647;
			files = (
			);
			runOnlyForDeploymentPostprocessing = 0;
		};
		69039A3125E2D11800B5CA5A /* Frameworks */ = {
			isa = PBXFrameworksBuildPhase;
			buildActionMask = 2147483647;
			files = (
			);
			runOnlyForDeploymentPostprocessing = 0;
		};
		69039A3C25E2D11800B5CA5A /* Frameworks */ = {
			isa = PBXFrameworksBuildPhase;
			buildActionMask = 2147483647;
			files = (
			);
			runOnlyForDeploymentPostprocessing = 0;
		};
/* End PBXFrameworksBuildPhase section */

/* Begin PBXGroup section */
		69039A1525E2D11500B5CA5A = {
			isa = PBXGroup;
			children = (
				69039A2025E2D11500B5CA5A /* Movies */,
				69039A3725E2D11800B5CA5A /* MoviesTests */,
				69039A4225E2D11800B5CA5A /* MoviesUITests */,
				69039A1F25E2D11500B5CA5A /* Products */,
			);
			sourceTree = "<group>";
		};
		69039A1F25E2D11500B5CA5A /* Products */ = {
			isa = PBXGroup;
			children = (
				69039A1E25E2D11500B5CA5A /* Movies.app */,
				69039A3425E2D11800B5CA5A /* MoviesTests.xctest */,
				69039A3F25E2D11800B5CA5A /* MoviesUITests.xctest */,
			);
			name = Products;
			sourceTree = "<group>";
		};
		69039A2025E2D11500B5CA5A /* Movies */ = {
			isa = PBXGroup;
			children = (
				698A0D0F26D9363C00A0301F /* Services */,
				698A0D0E26D9363500A0301F /* View */,
				698A0D0D26D9362F00A0301F /* Model */,
				698A0D0C26D9361300A0301F /* Controller */,
				69039A2125E2D11500B5CA5A /* AppDelegate.swift */,
				69039A2325E2D11500B5CA5A /* SceneDelegate.swift */,
				69039A2725E2D11500B5CA5A /* Main.storyboard */,
				69039A2A25E2D11800B5CA5A /* Assets.xcassets */,
				69039A2C25E2D11800B5CA5A /* LaunchScreen.storyboard */,
				69039A2F25E2D11800B5CA5A /* Info.plist */,
			);
			path = Movies;
			sourceTree = "<group>";
		};
		69039A3725E2D11800B5CA5A /* MoviesTests */ = {
			isa = PBXGroup;
			children = (
				69039A3825E2D11800B5CA5A /* MoviesTests.swift */,
				69039A3A25E2D11800B5CA5A /* Info.plist */,
			);
			path = MoviesTests;
			sourceTree = "<group>";
		};
		69039A4225E2D11800B5CA5A /* MoviesUITests */ = {
			isa = PBXGroup;
			children = (
				69039A4325E2D11800B5CA5A /* MoviesUITests.swift */,
				69039A4525E2D11800B5CA5A /* Info.plist */,
			);
			path = MoviesUITests;
			sourceTree = "<group>";
		};
		698A0D0C26D9361300A0301F /* Controller */ = {
			isa = PBXGroup;
			children = (
				69039A5E25E2FF8D00B5CA5A /* DetalheFilmeViewController.swift */,
				6992B4EF26F0B08200A4CC2C /* MovieTableViewController.swift */,
			);
			path = Controller;
			sourceTree = "<group>";
		};
		698A0D0D26D9362F00A0301F /* Model */ = {
			isa = PBXGroup;
			children = (
				69039A5425E2D8D300B5CA5A /* Movie.swift */,
			);
			path = Model;
			sourceTree = "<group>";
		};
		698A0D0E26D9363500A0301F /* View */ = {
			isa = PBXGroup;
			children = (
				98506625270A4378004FE782 /* MoviesTableViewCell.swift */,
				98506626270A4378004FE782 /* MoviesTableViewCell.xib */,
			);
			path = View;
			sourceTree = "<group>";
		};
		698A0D0F26D9363C00A0301F /* Services */ = {
			isa = PBXGroup;
			children = (
				698A0D0726D9349000A0301F /* MovieServices.swift */,
			);
			path = Services;
			sourceTree = "<group>";
		};
/* End PBXGroup section */

/* Begin PBXNativeTarget section */
		69039A1D25E2D11500B5CA5A /* Movies */ = {
			isa = PBXNativeTarget;
			buildConfigurationList = 69039A4825E2D11800B5CA5A /* Build configuration list for PBXNativeTarget "Movies" */;
			buildPhases = (
				69039A1A25E2D11500B5CA5A /* Sources */,
				69039A1B25E2D11500B5CA5A /* Frameworks */,
				69039A1C25E2D11500B5CA5A /* Resources */,
			);
			buildRules = (
			);
			dependencies = (
			);
			name = Movies;
			productName = Movies;
			productReference = 69039A1E25E2D11500B5CA5A /* Movies.app */;
			productType = "com.apple.product-type.application";
		};
		69039A3325E2D11800B5CA5A /* MoviesTests */ = {
			isa = PBXNativeTarget;
			buildConfigurationList = 69039A4B25E2D11800B5CA5A /* Build configuration list for PBXNativeTarget "MoviesTests" */;
			buildPhases = (
				69039A3025E2D11800B5CA5A /* Sources */,
				69039A3125E2D11800B5CA5A /* Frameworks */,
				69039A3225E2D11800B5CA5A /* Resources */,
			);
			buildRules = (
			);
			dependencies = (
				69039A3625E2D11800B5CA5A /* PBXTargetDependency */,
			);
			name = MoviesTests;
			productName = MoviesTests;
			productReference = 69039A3425E2D11800B5CA5A /* MoviesTests.xctest */;
			productType = "com.apple.product-type.bundle.unit-test";
		};
		69039A3E25E2D11800B5CA5A /* MoviesUITests */ = {
			isa = PBXNativeTarget;
			buildConfigurationList = 69039A4E25E2D11800B5CA5A /* Build configuration list for PBXNativeTarget "MoviesUITests" */;
			buildPhases = (
				69039A3B25E2D11800B5CA5A /* Sources */,
				69039A3C25E2D11800B5CA5A /* Frameworks */,
				69039A3D25E2D11800B5CA5A /* Resources */,
			);
			buildRules = (
			);
			dependencies = (
				69039A4125E2D11800B5CA5A /* PBXTargetDependency */,
			);
			name = MoviesUITests;
			productName = MoviesUITests;
			productReference = 69039A3F25E2D11800B5CA5A /* MoviesUITests.xctest */;
			productType = "com.apple.product-type.bundle.ui-testing";
		};
/* End PBXNativeTarget section */

/* Begin PBXProject section */
		69039A1625E2D11500B5CA5A /* Project object */ = {
			isa = PBXProject;
			attributes = {
				LastSwiftUpdateCheck = 1230;
				LastUpgradeCheck = 1230;
				TargetAttributes = {
					69039A1D25E2D11500B5CA5A = {
						CreatedOnToolsVersion = 12.3;
					};
					69039A3325E2D11800B5CA5A = {
						CreatedOnToolsVersion = 12.3;
						TestTargetID = 69039A1D25E2D11500B5CA5A;
					};
					69039A3E25E2D11800B5CA5A = {
						CreatedOnToolsVersion = 12.3;
						TestTargetID = 69039A1D25E2D11500B5CA5A;
					};
				};
			};
			buildConfigurationList = 69039A1925E2D11500B5CA5A /* Build configuration list for PBXProject "Movies" */;
			compatibilityVersion = "Xcode 9.3";
			developmentRegion = en;
			hasScannedForEncodings = 0;
			knownRegions = (
				en,
				Base,
			);
			mainGroup = 69039A1525E2D11500B5CA5A;
			productRefGroup = 69039A1F25E2D11500B5CA5A /* Products */;
			projectDirPath = "";
			projectRoot = "";
			targets = (
				69039A1D25E2D11500B5CA5A /* Movies */,
				69039A3325E2D11800B5CA5A /* MoviesTests */,
				69039A3E25E2D11800B5CA5A /* MoviesUITests */,
			);
		};
/* End PBXProject section */

/* Begin PBXResourcesBuildPhase section */
		69039A1C25E2D11500B5CA5A /* Resources */ = {
			isa = PBXResourcesBuildPhase;
			buildActionMask = 2147483647;
			files = (
				69039A2E25E2D11800B5CA5A /* LaunchScreen.storyboard in Resources */,
				69039A2B25E2D11800B5CA5A /* Assets.xcassets in Resources */,
				98506628270A4378004FE782 /* MoviesTableViewCell.xib in Resources */,
				69039A2925E2D11500B5CA5A /* Main.storyboard in Resources */,
			);
			runOnlyForDeploymentPostprocessing = 0;
		};
		69039A3225E2D11800B5CA5A /* Resources */ = {
			isa = PBXResourcesBuildPhase;
			buildActionMask = 2147483647;
			files = (
			);
			runOnlyForDeploymentPostprocessing = 0;
		};
		69039A3D25E2D11800B5CA5A /* Resources */ = {
			isa = PBXResourcesBuildPhase;
			buildActionMask = 2147483647;
			files = (
			);
			runOnlyForDeploymentPostprocessing = 0;
		};
/* End PBXResourcesBuildPhase section */

/* Begin PBXSourcesBuildPhase section */
		69039A1A25E2D11500B5CA5A /* Sources */ = {
			isa = PBXSourcesBuildPhase;
			buildActionMask = 2147483647;
			files = (
				6992B4F026F0B08200A4CC2C /* MovieTableViewController.swift in Sources */,
				698A0D0826D9349000A0301F /* MovieServices.swift in Sources */,
				98506627270A4378004FE782 /* MoviesTableViewCell.swift in Sources */,
				69039A2225E2D11500B5CA5A /* AppDelegate.swift in Sources */,
				69039A5F25E2FF8D00B5CA5A /* DetalheFilmeViewController.swift in Sources */,
				69039A2425E2D11500B5CA5A /* SceneDelegate.swift in Sources */,
				69039A5525E2D8D300B5CA5A /* Movie.swift in Sources */,
			);
			runOnlyForDeploymentPostprocessing = 0;
		};
		69039A3025E2D11800B5CA5A /* Sources */ = {
			isa = PBXSourcesBuildPhase;
			buildActionMask = 2147483647;
			files = (
				69039A3925E2D11800B5CA5A /* MoviesTests.swift in Sources */,
			);
			runOnlyForDeploymentPostprocessing = 0;
		};
		69039A3B25E2D11800B5CA5A /* Sources */ = {
			isa = PBXSourcesBuildPhase;
			buildActionMask = 2147483647;
			files = (
				69039A4425E2D11800B5CA5A /* MoviesUITests.swift in Sources */,
			);
			runOnlyForDeploymentPostprocessing = 0;
		};
/* End PBXSourcesBuildPhase section */

/* Begin PBXTargetDependency section */
		69039A3625E2D11800B5CA5A /* PBXTargetDependency */ = {
			isa = PBXTargetDependency;
			target = 69039A1D25E2D11500B5CA5A /* Movies */;
			targetProxy = 69039A3525E2D11800B5CA5A /* PBXContainerItemProxy */;
		};
		69039A4125E2D11800B5CA5A /* PBXTargetDependency */ = {
			isa = PBXTargetDependency;
			target = 69039A1D25E2D11500B5CA5A /* Movies */;
			targetProxy = 69039A4025E2D11800B5CA5A /* PBXContainerItemProxy */;
		};
/* End PBXTargetDependency section */

/* Begin PBXVariantGroup section */
		69039A2725E2D11500B5CA5A /* Main.storyboard */ = {
			isa = PBXVariantGroup;
			children = (
				69039A2825E2D11500B5CA5A /* Base */,
			);
			name = Main.storyboard;
			sourceTree = "<group>";
		};
		69039A2C25E2D11800B5CA5A /* LaunchScreen.storyboard */ = {
			isa = PBXVariantGroup;
			children = (
				69039A2D25E2D11800B5CA5A /* Base */,
			);
			name = LaunchScreen.storyboard;
			sourceTree = "<group>";
		};
/* End PBXVariantGroup section */

/* Begin XCBuildConfiguration section */
		69039A4625E2D11800B5CA5A /* Debug */ = {
			isa = XCBuildConfiguration;
			buildSettings = {
				ALWAYS_SEARCH_USER_PATHS = NO;
				CLANG_ANALYZER_NONNULL = YES;
				CLANG_ANALYZER_NUMBER_OBJECT_CONVERSION = YES_AGGRESSIVE;
				CLANG_CXX_LANGUAGE_STANDARD = "gnu++14";
				CLANG_CXX_LIBRARY = "libc++";
				CLANG_ENABLE_MODULES = YES;
				CLANG_ENABLE_OBJC_ARC = YES;
				CLANG_ENABLE_OBJC_WEAK = YES;
				CLANG_WARN_BLOCK_CAPTURE_AUTORELEASING = YES;
				CLANG_WARN_BOOL_CONVERSION = YES;
				CLANG_WARN_COMMA = YES;
				CLANG_WARN_CONSTANT_CONVERSION = YES;
				CLANG_WARN_DEPRECATED_OBJC_IMPLEMENTATIONS = YES;
				CLANG_WARN_DIRECT_OBJC_ISA_USAGE = YES_ERROR;
				CLANG_WARN_DOCUMENTATION_COMMENTS = YES;
				CLANG_WARN_EMPTY_BODY = YES;
				CLANG_WARN_ENUM_CONVERSION = YES;
				CLANG_WARN_INFINITE_RECURSION = YES;
				CLANG_WARN_INT_CONVERSION = YES;
				CLANG_WARN_NON_LITERAL_NULL_CONVERSION = YES;
				CLANG_WARN_OBJC_IMPLICIT_RETAIN_SELF = YES;
				CLANG_WARN_OBJC_LITERAL_CONVERSION = YES;
				CLANG_WARN_OBJC_ROOT_CLASS = YES_ERROR;
				CLANG_WARN_QUOTED_INCLUDE_IN_FRAMEWORK_HEADER = YES;
				CLANG_WARN_RANGE_LOOP_ANALYSIS = YES;
				CLANG_WARN_STRICT_PROTOTYPES = YES;
				CLANG_WARN_SUSPICIOUS_MOVE = YES;
				CLANG_WARN_UNGUARDED_AVAILABILITY = YES_AGGRESSIVE;
				CLANG_WARN_UNREACHABLE_CODE = YES;
				CLANG_WARN__DUPLICATE_METHOD_MATCH = YES;
				COPY_PHASE_STRIP = NO;
				DEBUG_INFORMATION_FORMAT = dwarf;
				ENABLE_STRICT_OBJC_MSGSEND = YES;
				ENABLE_TESTABILITY = YES;
				GCC_C_LANGUAGE_STANDARD = gnu11;
				GCC_DYNAMIC_NO_PIC = NO;
				GCC_NO_COMMON_BLOCKS = YES;
				GCC_OPTIMIZATION_LEVEL = 0;
				GCC_PREPROCESSOR_DEFINITIONS = (
					"DEBUG=1",
					"$(inherited)",
				);
				GCC_WARN_64_TO_32_BIT_CONVERSION = YES;
				GCC_WARN_ABOUT_RETURN_TYPE = YES_ERROR;
				GCC_WARN_UNDECLARED_SELECTOR = YES;
				GCC_WARN_UNINITIALIZED_AUTOS = YES_AGGRESSIVE;
				GCC_WARN_UNUSED_FUNCTION = YES;
				GCC_WARN_UNUSED_VARIABLE = YES;
				IPHONEOS_DEPLOYMENT_TARGET = 14.3;
				MTL_ENABLE_DEBUG_INFO = INCLUDE_SOURCE;
				MTL_FAST_MATH = YES;
				ONLY_ACTIVE_ARCH = YES;
				SDKROOT = iphoneos;
				SWIFT_ACTIVE_COMPILATION_CONDITIONS = DEBUG;
				SWIFT_OPTIMIZATION_LEVEL = "-Onone";
			};
			name = Debug;
		};
		69039A4725E2D11800B5CA5A /* Release */ = {
			isa = XCBuildConfiguration;
			buildSettings = {
				ALWAYS_SEARCH_USER_PATHS = NO;
				CLANG_ANALYZER_NONNULL = YES;
				CLANG_ANALYZER_NUMBER_OBJECT_CONVERSION = YES_AGGRESSIVE;
				CLANG_CXX_LANGUAGE_STANDARD = "gnu++14";
				CLANG_CXX_LIBRARY = "libc++";
				CLANG_ENABLE_MODULES = YES;
				CLANG_ENABLE_OBJC_ARC = YES;
				CLANG_ENABLE_OBJC_WEAK = YES;
				CLANG_WARN_BLOCK_CAPTURE_AUTORELEASING = YES;
				CLANG_WARN_BOOL_CONVERSION = YES;
				CLANG_WARN_COMMA = YES;
				CLANG_WARN_CONSTANT_CONVERSION = YES;
				CLANG_WARN_DEPRECATED_OBJC_IMPLEMENTATIONS = YES;
				CLANG_WARN_DIRECT_OBJC_ISA_USAGE = YES_ERROR;
				CLANG_WARN_DOCUMENTATION_COMMENTS = YES;
				CLANG_WARN_EMPTY_BODY = YES;
				CLANG_WARN_ENUM_CONVERSION = YES;
				CLANG_WARN_INFINITE_RECURSION = YES;
				CLANG_WARN_INT_CONVERSION = YES;
				CLANG_WARN_NON_LITERAL_NULL_CONVERSION = YES;
				CLANG_WARN_OBJC_IMPLICIT_RETAIN_SELF = YES;
				CLANG_WARN_OBJC_LITERAL_CONVERSION = YES;
				CLANG_WARN_OBJC_ROOT_CLASS = YES_ERROR;
				CLANG_WARN_QUOTED_INCLUDE_IN_FRAMEWORK_HEADER = YES;
				CLANG_WARN_RANGE_LOOP_ANALYSIS = YES;
				CLANG_WARN_STRICT_PROTOTYPES = YES;
				CLANG_WARN_SUSPICIOUS_MOVE = YES;
				CLANG_WARN_UNGUARDED_AVAILABILITY = YES_AGGRESSIVE;
				CLANG_WARN_UNREACHABLE_CODE = YES;
				CLANG_WARN__DUPLICATE_METHOD_MATCH = YES;
				COPY_PHASE_STRIP = NO;
				DEBUG_INFORMATION_FORMAT = "dwarf-with-dsym";
				ENABLE_NS_ASSERTIONS = NO;
				ENABLE_STRICT_OBJC_MSGSEND = YES;
				GCC_C_LANGUAGE_STANDARD = gnu11;
				GCC_NO_COMMON_BLOCKS = YES;
				GCC_WARN_64_TO_32_BIT_CONVERSION = YES;
				GCC_WARN_ABOUT_RETURN_TYPE = YES_ERROR;
				GCC_WARN_UNDECLARED_SELECTOR = YES;
				GCC_WARN_UNINITIALIZED_AUTOS = YES_AGGRESSIVE;
				GCC_WARN_UNUSED_FUNCTION = YES;
				GCC_WARN_UNUSED_VARIABLE = YES;
				IPHONEOS_DEPLOYMENT_TARGET = 14.3;
				MTL_ENABLE_DEBUG_INFO = NO;
				MTL_FAST_MATH = YES;
				SDKROOT = iphoneos;
				SWIFT_COMPILATION_MODE = wholemodule;
				SWIFT_OPTIMIZATION_LEVEL = "-O";
				VALIDATE_PRODUCT = YES;
			};
			name = Release;
		};
		69039A4925E2D11800B5CA5A /* Debug */ = {
			isa = XCBuildConfiguration;
			buildSettings = {
				ASSETCATALOG_COMPILER_APPICON_NAME = AppIcon;
				ASSETCATALOG_COMPILER_GLOBAL_ACCENT_COLOR_NAME = AccentColor;
				CODE_SIGN_STYLE = Automatic;
				DEVELOPMENT_TEAM = 2B543K2R6K;
				INFOPLIST_FILE = Movies/Info.plist;
				LD_RUNPATH_SEARCH_PATHS = (
					"$(inherited)",
					"@executable_path/Frameworks",
				);
				PRODUCT_BUNDLE_IDENTIFIER = com.cursoios.Movies;
				PRODUCT_NAME = "$(TARGET_NAME)";
				SWIFT_VERSION = 5.0;
				TARGETED_DEVICE_FAMILY = "1,2";
			};
			name = Debug;
		};
		69039A4A25E2D11800B5CA5A /* Release */ = {
			isa = XCBuildConfiguration;
			buildSettings = {
				ASSETCATALOG_COMPILER_APPICON_NAME = AppIcon;
				ASSETCATALOG_COMPILER_GLOBAL_ACCENT_COLOR_NAME = AccentColor;
				CODE_SIGN_STYLE = Automatic;
				DEVELOPMENT_TEAM = 2B543K2R6K;
				INFOPLIST_FILE = Movies/Info.plist;
				LD_RUNPATH_SEARCH_PATHS = (
					"$(inherited)",
					"@executable_path/Frameworks",
				);
				PRODUCT_BUNDLE_IDENTIFIER = com.cursoios.Movies;
				PRODUCT_NAME = "$(TARGET_NAME)";
				SWIFT_VERSION = 5.0;
				TARGETED_DEVICE_FAMILY = "1,2";
			};
			name = Release;
		};
		69039A4C25E2D11800B5CA5A /* Debug */ = {
			isa = XCBuildConfiguration;
			buildSettings = {
				ALWAYS_EMBED_SWIFT_STANDARD_LIBRARIES = YES;
				BUNDLE_LOADER = "$(TEST_HOST)";
				CODE_SIGN_STYLE = Automatic;
				DEVELOPMENT_TEAM = 2B543K2R6K;
				INFOPLIST_FILE = MoviesTests/Info.plist;
				IPHONEOS_DEPLOYMENT_TARGET = 14.3;
				LD_RUNPATH_SEARCH_PATHS = (
					"$(inherited)",
					"@executable_path/Frameworks",
					"@loader_path/Frameworks",
				);
				PRODUCT_BUNDLE_IDENTIFIER = com.cursoios.MoviesTests;
				PRODUCT_NAME = "$(TARGET_NAME)";
				SWIFT_VERSION = 5.0;
				TARGETED_DEVICE_FAMILY = "1,2";
				TEST_HOST = "$(BUILT_PRODUCTS_DIR)/Movies.app/Movies";
			};
			name = Debug;
		};
		69039A4D25E2D11800B5CA5A /* Release */ = {
			isa = XCBuildConfiguration;
			buildSettings = {
				ALWAYS_EMBED_SWIFT_STANDARD_LIBRARIES = YES;
				BUNDLE_LOADER = "$(TEST_HOST)";
				CODE_SIGN_STYLE = Automatic;
				DEVELOPMENT_TEAM = 2B543K2R6K;
				INFOPLIST_FILE = MoviesTests/Info.plist;
				IPHONEOS_DEPLOYMENT_TARGET = 14.3;
				LD_RUNPATH_SEARCH_PATHS = (
					"$(inherited)",
					"@executable_path/Frameworks",
					"@loader_path/Frameworks",
				);
				PRODUCT_BUNDLE_IDENTIFIER = com.cursoios.MoviesTests;
				PRODUCT_NAME = "$(TARGET_NAME)";
				SWIFT_VERSION = 5.0;
				TARGETED_DEVICE_FAMILY = "1,2";
				TEST_HOST = "$(BUILT_PRODUCTS_DIR)/Movies.app/Movies";
			};
			name = Release;
		};
		69039A4F25E2D11800B5CA5A /* Debug */ = {
			isa = XCBuildConfiguration;
			buildSettings = {
				ALWAYS_EMBED_SWIFT_STANDARD_LIBRARIES = YES;
				CODE_SIGN_STYLE = Automatic;
				DEVELOPMENT_TEAM = 2B543K2R6K;
				INFOPLIST_FILE = MoviesUITests/Info.plist;
				LD_RUNPATH_SEARCH_PATHS = (
					"$(inherited)",
					"@executable_path/Frameworks",
					"@loader_path/Frameworks",
				);
				PRODUCT_BUNDLE_IDENTIFIER = com.cursoios.MoviesUITests;
				PRODUCT_NAME = "$(TARGET_NAME)";
				SWIFT_VERSION = 5.0;
				TARGETED_DEVICE_FAMILY = "1,2";
				TEST_TARGET_NAME = Movies;
			};
			name = Debug;
		};
		69039A5025E2D11800B5CA5A /* Release */ = {
			isa = XCBuildConfiguration;
			buildSettings = {
				ALWAYS_EMBED_SWIFT_STANDARD_LIBRARIES = YES;
				CODE_SIGN_STYLE = Automatic;
				DEVELOPMENT_TEAM = 2B543K2R6K;
				INFOPLIST_FILE = MoviesUITests/Info.plist;
				LD_RUNPATH_SEARCH_PATHS = (
					"$(inherited)",
					"@executable_path/Frameworks",
					"@loader_path/Frameworks",
				);
				PRODUCT_BUNDLE_IDENTIFIER = com.cursoios.MoviesUITests;
				PRODUCT_NAME = "$(TARGET_NAME)";
				SWIFT_VERSION = 5.0;
				TARGETED_DEVICE_FAMILY = "1,2";
				TEST_TARGET_NAME = Movies;
			};
			name = Release;
		};
/* End XCBuildConfiguration section */

/* Begin XCConfigurationList section */
		69039A1925E2D11500B5CA5A /* Build configuration list for PBXProject "Movies" */ = {
			isa = XCConfigurationList;
			buildConfigurations = (
				69039A4625E2D11800B5CA5A /* Debug */,
				69039A4725E2D11800B5CA5A /* Release */,
			);
			defaultConfigurationIsVisible = 0;
			defaultConfigurationName = Release;
		};
		69039A4825E2D11800B5CA5A /* Build configuration list for PBXNativeTarget "Movies" */ = {
			isa = XCConfigurationList;
			buildConfigurations = (
				69039A4925E2D11800B5CA5A /* Debug */,
				69039A4A25E2D11800B5CA5A /* Release */,
			);
			defaultConfigurationIsVisible = 0;
			defaultConfigurationName = Release;
		};
		69039A4B25E2D11800B5CA5A /* Build configuration list for PBXNativeTarget "MoviesTests" */ = {
			isa = XCConfigurationList;
			buildConfigurations = (
				69039A4C25E2D11800B5CA5A /* Debug */,
				69039A4D25E2D11800B5CA5A /* Release */,
			);
			defaultConfigurationIsVisible = 0;
			defaultConfigurationName = Release;
		};
		69039A4E25E2D11800B5CA5A /* Build configuration list for PBXNativeTarget "MoviesUITests" */ = {
			isa = XCConfigurationList;
			buildConfigurations = (
				69039A4F25E2D11800B5CA5A /* Debug */,
				69039A5025E2D11800B5CA5A /* Release */,
			);
			defaultConfigurationIsVisible = 0;
			defaultConfigurationName = Release;
		};
/* End XCConfigurationList section */
	};
	rootObject = 69039A1625E2D11500B5CA5A /* Project object */;
}
